
Microsoft Visual Studio Solution File, Format Version 12.00
# Visual Studio 15
VisualStudioVersion = 15.0.28307.421
MinimumVisualStudioVersion = 10.0.40219.1
Project("{9A19103F-16F7-4668-BE54-9A1E7A4F7556}") = "Idp", "Idp.csproj", "{2E7A939E-EFAD-422C-8726-54D6AA829BEE}"
EndProject
Global
	GlobalSection(SolutionConfigurationPlatforms) = preSolution
		Debug|Any CPU = Debug|Any CPU
		Release|Any CPU = Release|Any CPU
	EndGlobalSection
	GlobalSection(ProjectConfigurationPlatforms) = postSolution
		{2E7A939E-EFAD-422C-8726-54D6AA829BEE}.Debug|Any CPU.ActiveCfg = Debug|Any CPU
		{2E7A939E-EFAD-422C-8726-54D6AA829BEE}.Debug|Any CPU.Build.0 = Debug|Any CPU
		{2E7A939E-EFAD-422C-8726-54D6AA829BEE}.Release|Any CPU.ActiveCfg = Release|Any CPU
		{2E7A939E-EFAD-422C-8726-54D6AA829BEE}.Release|Any CPU.Build.0 = Release|Any CPU
	EndGlobalSection
	GlobalSection(SolutionProperties) = preSolution
		HideSolutionNode = FALSE
	EndGlobalSection
	GlobalSection(ExtensibilityGlobals) = postSolution
		SolutionGuid = {36110F17-3E42-4D5C-82BD-6C75CB353514}
	EndGlobalSection
EndGlobal
